// !$*UTF8*$!
{
	archiveVersion = 1;
	classes = {
	};
	objectVersion = 46;
	objects = {

/* Begin PBXBuildFile section */
		920F9E7B163D2FFA004DFB06 /* UIKit.framework in Frameworks */ = {isa = PBXBuildFile; fileRef = 920F9E7A163D2FFA004DFB06 /* UIKit.framework */; };
		920F9E7D163D2FFA004DFB06 /* Foundation.framework in Frameworks */ = {isa = PBXBuildFile; fileRef = 920F9E7C163D2FFA004DFB06 /* Foundation.framework */; };
		920F9E7F163D2FFA004DFB06 /* CoreGraphics.framework in Frameworks */ = {isa = PBXBuildFile; fileRef = 920F9E7E163D2FFA004DFB06 /* CoreGraphics.framework */; };
		920F9E85163D2FFA004DFB06 /* InfoPlist.strings in Resources */ = {isa = PBXBuildFile; fileRef = 920F9E83163D2FFA004DFB06 /* InfoPlist.strings */; };
		920F9E87163D2FFA004DFB06 /* main.m in Sources */ = {isa = PBXBuildFile; fileRef = 920F9E86163D2FFA004DFB06 /* main.m */; };
		920F9E8B163D2FFA004DFB06 /* AppDelegate.m in Sources */ = {isa = PBXBuildFile; fileRef = 920F9E8A163D2FFA004DFB06 /* AppDelegate.m */; };
		920F9E8D163D2FFA004DFB06 /* Default.png in Resources */ = {isa = PBXBuildFile; fileRef = 920F9E8C163D2FFA004DFB06 /* Default.png */; };
		920F9E8F163D2FFA004DFB06 /* Default@2x.png in Resources */ = {isa = PBXBuildFile; fileRef = 920F9E8E163D2FFA004DFB06 /* Default@2x.png */; };
		920F9E91163D2FFA004DFB06 /* Default-568h@2x.png in Resources */ = {isa = PBXBuildFile; fileRef = 920F9E90163D2FFA004DFB06 /* Default-568h@2x.png */; };
		920F9E9F163D3017004DFB06 /* NSMutableArray+MMextensions.m in Sources */ = {isa = PBXBuildFile; fileRef = 920F9E9E163D3017004DFB06 /* NSMutableArray+MMextensions.m */; };
		92DFF540164AD7DD00803177 /* Storyboard.storyboard in Resources */ = {isa = PBXBuildFile; fileRef = 92DFF53F164AD7DD00803177 /* Storyboard.storyboard */; };
		92DFF543164AD7F800803177 /* demoViewController.m in Sources */ = {isa = PBXBuildFile; fileRef = 92DFF542164AD7F800803177 /* demoViewController.m */; };
/* End PBXBuildFile section */

/* Begin PBXFileReference section */
		920F9E76163D2FFA004DFB06 /* mutableArrayCats.app */ = {isa = PBXFileReference; explicitFileType = wrapper.application; includeInIndex = 0; path = mutableArrayCats.app; sourceTree = BUILT_PRODUCTS_DIR; };
		920F9E7A163D2FFA004DFB06 /* UIKit.framework */ = {isa = PBXFileReference; lastKnownFileType = wrapper.framework; name = UIKit.framework; path = System/Library/Frameworks/UIKit.framework; sourceTree = SDKROOT; };
		920F9E7C163D2FFA004DFB06 /* Foundation.framework */ = {isa = PBXFileReference; lastKnownFileType = wrapper.framework; name = Foundation.framework; path = System/Library/Frameworks/Foundation.framework; sourceTree = SDKROOT; };
		920F9E7E163D2FFA004DFB06 /* CoreGraphics.framework */ = {isa = PBXFileReference; lastKnownFileType = wrapper.framework; name = CoreGraphics.framework; path = System/Library/Frameworks/CoreGraphics.framework; sourceTree = SDKROOT; };
		920F9E82163D2FFA004DFB06 /* mutableArrayCats-Info.plist */ = {isa = PBXFileReference; lastKnownFileType = text.plist.xml; path = "mutableArrayCats-Info.plist"; sourceTree = "<group>"; };
		920F9E84163D2FFA004DFB06 /* en */ = {isa = PBXFileReference; lastKnownFileType = text.plist.strings; name = en; path = en.lproj/InfoPlist.strings; sourceTree = "<group>"; };
		920F9E86163D2FFA004DFB06 /* main.m */ = {isa = PBXFileReference; lastKnownFileType = sourcecode.c.objc; path = main.m; sourceTree = "<group>"; };
		920F9E88163D2FFA004DFB06 /* mutableArrayCats-Prefix.pch */ = {isa = PBXFileReference; lastKnownFileType = sourcecode.c.h; path = "mutableArrayCats-Prefix.pch"; sourceTree = "<group>"; };
		920F9E8A163D2FFA004DFB06 /* AppDelegate.m */ = {isa = PBXFileReference; lastKnownFileType = sourcecode.c.objc; path = AppDelegate.m; sourceTree = "<group>"; };
		920F9E8C163D2FFA004DFB06 /* Default.png */ = {isa = PBXFileReference; lastKnownFileType = image.png; path = Default.png; sourceTree = "<group>"; };
		920F9E8E163D2FFA004DFB06 /* Default@2x.png */ = {isa = PBXFileReference; lastKnownFileType = image.png; path = "Default@2x.png"; sourceTree = "<group>"; };
		920F9E90163D2FFA004DFB06 /* Default-568h@2x.png */ = {isa = PBXFileReference; lastKnownFileType = image.png; path = "Default-568h@2x.png"; sourceTree = "<group>"; };
		920F9E9D163D3017004DFB06 /* NSMutableArray+MMextensions.h */ = {isa = PBXFileReference; fileEncoding = 4; lastKnownFileType = sourcecode.c.h; path = "NSMutableArray+MMextensions.h"; sourceTree = "<group>"; };
		920F9E9E163D3017004DFB06 /* NSMutableArray+MMextensions.m */ = {isa = PBXFileReference; fileEncoding = 4; lastKnownFileType = sourcecode.c.objc; path = "NSMutableArray+MMextensions.m"; sourceTree = "<group>"; };
		920F9EA8163DCAB4004DFB06 /* AppDelegate.h */ = {isa = PBXFileReference; fileEncoding = 4; lastKnownFileType = sourcecode.c.h; path = AppDelegate.h; sourceTree = "<group>"; };
		92DFF53F164AD7DD00803177 /* Storyboard.storyboard */ = {isa = PBXFileReference; fileEncoding = 4; lastKnownFileType = file.storyboard; path = Storyboard.storyboard; sourceTree = "<group>"; };
		92DFF541164AD7F800803177 /* demoViewController.h */ = {isa = PBXFileReference; fileEncoding = 4; lastKnownFileType = sourcecode.c.h; path = demoViewController.h; sourceTree = "<group>"; };
		92DFF542164AD7F800803177 /* demoViewController.m */ = {isa = PBXFileReference; fileEncoding = 4; lastKnownFileType = sourcecode.c.objc; path = demoViewController.m; sourceTree = "<group>"; };
/* End PBXFileReference section */

/* Begin PBXFrameworksBuildPhase section */
		920F9E73163D2FFA004DFB06 /* Frameworks */ = {
			isa = PBXFrameworksBuildPhase;
			buildActionMask = 2147483647;
			files = (
				920F9E7B163D2FFA004DFB06 /* UIKit.framework in Frameworks */,
				920F9E7D163D2FFA004DFB06 /* Foundation.framework in Frameworks */,
				920F9E7F163D2FFA004DFB06 /* CoreGraphics.framework in Frameworks */,
			);
			runOnlyForDeploymentPostprocessing = 0;
		};
/* End PBXFrameworksBuildPhase section */

/* Begin PBXGroup section */
		920F9E6B163D2FFA004DFB06 = {
			isa = PBXGroup;
			children = (
				920F9E80163D2FFA004DFB06 /* mutableArrayCats */,
				920F9E79163D2FFA004DFB06 /* Frameworks */,
				920F9E77163D2FFA004DFB06 /* Products */,
			);
			sourceTree = "<group>";
		};
		920F9E77163D2FFA004DFB06 /* Products */ = {
			isa = PBXGroup;
			children = (
				920F9E76163D2FFA004DFB06 /* mutableArrayCats.app */,
			);
			name = Products;
			sourceTree = "<group>";
		};
		920F9E79163D2FFA004DFB06 /* Frameworks */ = {
			isa = PBXGroup;
			children = (
				920F9E7A163D2FFA004DFB06 /* UIKit.framework */,
				920F9E7C163D2FFA004DFB06 /* Foundation.framework */,
				920F9E7E163D2FFA004DFB06 /* CoreGraphics.framework */,
			);
			name = Frameworks;
			sourceTree = "<group>";
		};
		920F9E80163D2FFA004DFB06 /* mutableArrayCats */ = {
			isa = PBXGroup;
			children = (
				920F9E9D163D3017004DFB06 /* NSMutableArray+MMextensions.h */,
				920F9E9E163D3017004DFB06 /* NSMutableArray+MMextensions.m */,
				92DFF541164AD7F800803177 /* demoViewController.h */,
				92DFF542164AD7F800803177 /* demoViewController.m */,
				920F9E81163D2FFA004DFB06 /* Supporting Files */,
			);
			path = mutableArrayCats;
			sourceTree = "<group>";
		};
		920F9E81163D2FFA004DFB06 /* Supporting Files */ = {
			isa = PBXGroup;
			children = (
				920F9EA9163DCB99004DFB06 /* ignore */,
			);
			name = "Supporting Files";
			sourceTree = "<group>";
		};
		920F9EA9163DCB99004DFB06 /* ignore */ = {
			isa = PBXGroup;
			children = (
				92DFF53F164AD7DD00803177 /* Storyboard.storyboard */,
				920F9EA8163DCAB4004DFB06 /* AppDelegate.h */,
				920F9E8A163D2FFA004DFB06 /* AppDelegate.m */,
				920F9E82163D2FFA004DFB06 /* mutableArrayCats-Info.plist */,
				920F9E83163D2FFA004DFB06 /* InfoPlist.strings */,
				920F9E86163D2FFA004DFB06 /* main.m */,
				920F9E88163D2FFA004DFB06 /* mutableArrayCats-Prefix.pch */,
				920F9E8C163D2FFA004DFB06 /* Default.png */,
				920F9E8E163D2FFA004DFB06 /* Default@2x.png */,
				920F9E90163D2FFA004DFB06 /* Default-568h@2x.png */,
			);
			name = ignore;
			sourceTree = "<group>";
		};
/* End PBXGroup section */

/* Begin PBXNativeTarget section */
		920F9E75163D2FFA004DFB06 /* mutableArrayCats */ = {
			isa = PBXNativeTarget;
			buildConfigurationList = 920F9E9A163D2FFA004DFB06 /* Build configuration list for PBXNativeTarget "mutableArrayCats" */;
			buildPhases = (
				920F9E72163D2FFA004DFB06 /* Sources */,
				920F9E73163D2FFA004DFB06 /* Frameworks */,
				920F9E74163D2FFA004DFB06 /* Resources */,
			);
			buildRules = (
			);
			dependencies = (
			);
			name = mutableArrayCats;
			productName = mutableArrayCats;
			productReference = 920F9E76163D2FFA004DFB06 /* mutableArrayCats.app */;
			productType = "com.apple.product-type.application";
		};
/* End PBXNativeTarget section */

/* Begin PBXProject section */
		920F9E6D163D2FFA004DFB06 /* Project object */ = {
			isa = PBXProject;
			attributes = {
				LastUpgradeCheck = 0450;
				ORGANIZATIONNAME = HappTech;
			};
			buildConfigurationList = 920F9E70163D2FFA004DFB06 /* Build configuration list for PBXProject "mutableArrayCats" */;
			compatibilityVersion = "Xcode 3.2";
			developmentRegion = English;
			hasScannedForEncodings = 0;
			knownRegions = (
				en,
			);
			mainGroup = 920F9E6B163D2FFA004DFB06;
			productRefGroup = 920F9E77163D2FFA004DFB06 /* Products */;
			projectDirPath = "";
			projectRoot = "";
			targets = (
				920F9E75163D2FFA004DFB06 /* mutableArrayCats */,
			);
		};
/* End PBXProject section */

/* Begin PBXResourcesBuildPhase section */
		920F9E74163D2FFA004DFB06 /* Resources */ = {
			isa = PBXResourcesBuildPhase;
			buildActionMask = 2147483647;
			files = (
				920F9E85163D2FFA004DFB06 /* InfoPlist.strings in Resources */,
				920F9E8D163D2FFA004DFB06 /* Default.png in Resources */,
				920F9E8F163D2FFA004DFB06 /* Default@2x.png in Resources */,
				920F9E91163D2FFA004DFB06 /* Default-568h@2x.png in Resources */,
				92DFF540164AD7DD00803177 /* Storyboard.storyboard in Resources */,
			);
			runOnlyForDeploymentPostprocessing = 0;
		};
/* End PBXResourcesBuildPhase section */

/* Begin PBXSourcesBuildPhase section */
		920F9E72163D2FFA004DFB06 /* Sources */ = {
			isa = PBXSourcesBuildPhase;
			buildActionMask = 2147483647;
			files = (
				920F9E87163D2FFA004DFB06 /* main.m in Sources */,
				920F9E8B163D2FFA004DFB06 /* AppDelegate.m in Sources */,
				920F9E9F163D3017004DFB06 /* NSMutableArray+MMextensions.m in Sources */,
				92DFF543164AD7F800803177 /* demoViewController.m in Sources */,
			);
			runOnlyForDeploymentPostprocessing = 0;
		};
/* End PBXSourcesBuildPhase section */

/* Begin PBXVariantGroup section */
		920F9E83163D2FFA004DFB06 /* InfoPlist.strings */ = {
			isa = PBXVariantGroup;
			children = (
				920F9E84163D2FFA004DFB06 /* en */,
			);
			name = InfoPlist.strings;
			sourceTree = "<group>";
		};
/* End PBXVariantGroup section */

/* Begin XCBuildConfiguration section */
		920F9E98163D2FFA004DFB06 /* Debug */ = {
			isa = XCBuildConfiguration;
			buildSettings = {
				ALWAYS_SEARCH_USER_PATHS = NO;
				CLANG_CXX_LANGUAGE_STANDARD = "gnu++0x";
				CLANG_CXX_LIBRARY = "libc++";
				CLANG_ENABLE_OBJC_ARC = YES;
				CLANG_WARN_EMPTY_BODY = YES;
				CLANG_WARN__DUPLICATE_METHOD_MATCH = YES;
				"CODE_SIGN_IDENTITY[sdk=iphoneos*]" = "iPhone Developer";
				COPY_PHASE_STRIP = NO;
				GCC_C_LANGUAGE_STANDARD = gnu99;
				GCC_DYNAMIC_NO_PIC = NO;
				GCC_OPTIMIZATION_LEVEL = 0;
				GCC_PREPROCESSOR_DEFINITIONS = (
					"DEBUG=1",
					"$(inherited)",
				);
				GCC_SYMBOLS_PRIVATE_EXTERN = NO;
				GCC_WARN_ABOUT_RETURN_TYPE = YES;
				GCC_WARN_UNINITIALIZED_AUTOS = YES;
				GCC_WARN_UNUSED_VARIABLE = YES;
				IPHONEOS_DEPLOYMENT_TARGET = 6.0;
				ONLY_ACTIVE_ARCH = YES;
				SDKROOT = iphoneos;
			};
			name = Debug;
		};
		920F9E99163D2FFA004DFB06 /* Release */ = {
			isa = XCBuildConfiguration;
			buildSettings = {
				ALWAYS_SEARCH_USER_PATHS = NO;
				CLANG_CXX_LANGUAGE_STANDARD = "gnu++0x";
				CLANG_CXX_LIBRARY = "libc++";
				CLANG_ENABLE_OBJC_ARC = YES;
				CLANG_WARN_EMPTY_BODY = YES;
				CLANG_WARN__DUPLICATE_METHOD_MATCH = YES;
				"CODE_SIGN_IDENTITY[sdk=iphoneos*]" = "iPhone Developer";
				COPY_PHASE_STRIP = YES;
				GCC_C_LANGUAGE_STANDARD = gnu99;
				GCC_WARN_ABOUT_RETURN_TYPE = YES;
				GCC_WARN_UNINITIALIZED_AUTOS = YES;
				GCC_WARN_UNUSED_VARIABLE = YES;
				IPHONEOS_DEPLOYMENT_TARGET = 6.0;
				OTHER_CFLAGS = "-DNS_BLOCK_ASSERTIONS=1";
				SDKROOT = iphoneos;
				VALIDATE_PRODUCT = YES;
			};
			name = Release;
		};
		920F9E9B163D2FFA004DFB06 /* Debug */ = {
			isa = XCBuildConfiguration;
			buildSettings = {
				GCC_PRECOMPILE_PREFIX_HEADER = YES;
				GCC_PREFIX_HEADER = "mutableArrayCats/mutableArrayCats-Prefix.pch";
				INFOPLIST_FILE = "mutableArrayCats/mutableArrayCats-Info.plist";
				PRODUCT_NAME = "$(TARGET_NAME)";
				WRAPPER_EXTENSION = app;
			};
			name = Debug;
		};
		920F9E9C163D2FFA004DFB06 /* Release */ = {
			isa = XCBuildConfiguration;
			buildSettings = {
				GCC_PRECOMPILE_PREFIX_HEADER = YES;
				GCC_PREFIX_HEADER = "mutableArrayCats/mutableArrayCats-Prefix.pch";
				INFOPLIST_FILE = "mutableArrayCats/mutableArrayCats-Info.plist";
				PRODUCT_NAME = "$(TARGET_NAME)";
				WRAPPER_EXTENSION = app;
			};
			name = Release;
		};
/* End XCBuildConfiguration section */

/* Begin XCConfigurationList section */
		920F9E70163D2FFA004DFB06 /* Build configuration list for PBXProject "mutableArrayCats" */ = {
			isa = XCConfigurationList;
			buildConfigurations = (
				920F9E98163D2FFA004DFB06 /* Debug */,
				920F9E99163D2FFA004DFB06 /* Release */,
			);
			defaultConfigurationIsVisible = 0;
			defaultConfigurationName = Release;
		};
		920F9E9A163D2FFA004DFB06 /* Build configuration list for PBXNativeTarget "mutableArrayCats" */ = {
			isa = XCConfigurationList;
			buildConfigurations = (
				920F9E9B163D2FFA004DFB06 /* Debug */,
				920F9E9C163D2FFA004DFB06 /* Release */,
			);
			defaultConfigurationIsVisible = 0;
			defaultConfigurationName = Release;
		};
/* End XCConfigurationList section */
	};
	rootObject = 920F9E6D163D2FFA004DFB06 /* Project object */;
}
